{
  "version": "5",
  "remote": {
    "https://cdn.jsdelivr.net/npm/@supabase/auth-js@2.105.3/+esm": "f6575e4f78f4e727685f589b517135f4c4880f8d93be8a3b41925bb0492edafb",
    "https://cdn.jsdelivr.net/npm/@supabase/functions-js@2.105.3/+esm": "323e8728bb333162de9ecf25f47d62a7630340f41dda792a5dff0af32e38e0b1",
    "https://cdn.jsdelivr.net/npm/@supabase/phoenix@0.4.1/+esm": "7f9a26a9916907723d83f36a15631f392eb41ccebbb26db0992dbe3d58bd565a",
    "https://cdn.jsdelivr.net/npm/@supabase/postgrest-js@2.105.3/+esm": "1adedcb4143059dd292bb941814e9f02d019df5435b68c84fbbb0f21402ad5eb",
    "https://cdn.jsdelivr.net/npm/@supabase/realtime-js@2.105.3/+esm": "4e583d358421129ab575d87afbf954bbc5f95fd606d1be4697bac9f0d060f9db",
    "https://cdn.jsdelivr.net/npm/@supabase/storage-js@2.105.3/+esm": "cc9582f5408f322f4bf5c0075c8dd1aed83f9f02b82efa8b15f9954e3ffeac94",
    "https://cdn.jsdelivr.net/npm/@supabase/supabase-js/+esm": "d137d786c737248acda37ea510a724cf1075baadad863967333f38aff8ce77e6",
    "https://cdn.jsdelivr.net/npm/iceberg-js@0.8.1/+esm": "6bf9b9417587bb7cc5b600a421a41a657adf0cde0b9f04495cc17a902e6e65df",
    "https://cdn.jsdelivr.net/npm/tslib@2.8.1/+esm": "63dd5e931cca88877daff82bc8424da8e423f07834cb5c15fbfb9e66c84b63d7",
    "https://deno.land/std@0.177.0/async/abortable.ts": "73acfb3ed7261ce0d930dbe89e43db8d34e017b063cf0eaa7d215477bf53442e",
    "https://deno.land/std@0.177.0/async/deadline.ts": "c5facb0b404eede83e38bd2717ea8ab34faa2ffb20ef87fd261fcba32ba307aa",
    "https://deno.land/std@0.177.0/async/debounce.ts": "adab11d04ca38d699444ac8a9d9856b4155e8dda2afd07ce78276c01ea5a4332",
    "https://deno.land/std@0.177.0/async/deferred.ts": "42790112f36a75a57db4a96d33974a936deb7b04d25c6084a9fa8a49f135def8",
    "https://deno.land/std@0.177.0/async/delay.ts": "73aa04cec034c84fc748c7be49bb15cac3dd43a57174bfdb7a4aec22c248f0dd",
    "https://deno.land/std@0.177.0/async/mod.ts": "f04344fa21738e5ad6bea37a6bfffd57c617c2d372bb9f9dcfd118a1b622e576",
    "https://deno.land/std@0.177.0/async/mux_async_iterator.ts": "70c7f2ee4e9466161350473ad61cac0b9f115cff4c552eaa7ef9d50c4cbb4cc9",
    "https://deno.land/std@0.177.0/async/pool.ts": "fd082bd4aaf26445909889435a5c74334c017847842ec035739b4ae637ae8260",
    "https://deno.land/std@0.177.0/async/retry.ts": "5efa3ba450ac0c07a40a82e2df296287b5013755d232049efd7ea2244f15b20f",
    "https://deno.land/std@0.177.0/async/tee.ts": "47e42d35f622650b02234d43803d0383a89eb4387e1b83b5a40106d18ae36757",
    "https://deno.land/std@0.177.0/http/server.ts": "cbb17b594651215ba95c01a395700684e569c165a567e4e04bba327f41197433",
    "https://esm.sh/@supabase/supabase-js@2.48.1": "b9a3a846ddbe85569795a9a2055336f1353c6eea2f5ca05bd6a6c14284dfe20a"
  },
  "workspace": {
    "packageJson": {
      "dependencies": [
        "npm:@supabase/supabase-js@^2.105.3",
        "npm:supabase@^2.99.0-beta.8"
      ]
    }
  }
}
